
Microsoft Visual Studio Solution File, Format Version 12.00
# Visual Studio Version 16
VisualStudioVersion = 16.0.31727.386
MinimumVisualStudioVersion = 10.0.40219.1
Project("{FAE04EC0-301F-11D3-BF4B-00C04F79EFBC}") = "EsercizioSkylabs", "EsercizioSkylabs.csproj", "{B1BB9912-55AB-40D1-B6E0-A7539D85BABB}"
EndProject
Global
	GlobalSection(SolutionConfigurationPlatforms) = preSolution
		Debug|Any CPU = Debug|Any CPU
		Release|Any CPU = Release|Any CPU
	EndGlobalSection
	GlobalSection(ProjectConfigurationPlatforms) = postSolution
		{B1BB9912-55AB-40D1-B6E0-A7539D85BABB}.Debug|Any CPU.ActiveCfg = Debug|Any CPU
		{B1BB9912-55AB-40D1-B6E0-A7539D85BABB}.Debug|Any CPU.Build.0 = Debug|Any CPU
		{B1BB9912-55AB-40D1-B6E0-A7539D85BABB}.Release|Any CPU.ActiveCfg = Release|Any CPU
		{B1BB9912-55AB-40D1-B6E0-A7539D85BABB}.Release|Any CPU.Build.0 = Release|Any CPU
	EndGlobalSection
	GlobalSection(SolutionProperties) = preSolution
		HideSolutionNode = FALSE
	EndGlobalSection
	GlobalSection(ExtensibilityGlobals) = postSolution
		SolutionGuid = {0AE6283C-EDFB-413A-8E48-AC38B8C7EDDF}
	EndGlobalSection
EndGlobal
